
Microsoft Visual Studio Solution File, Format Version 12.00
# Visual Studio Version 16
VisualStudioVersion = 16.0.30611.23
MinimumVisualStudioVersion = 10.0.40219.1
Project("{FAE04EC0-301F-11D3-BF4B-00C04F79EFBC}") = "ServerlessFuncs", "ServerlessFuncs\ServerlessFuncs.csproj", "{6E15F141-4A58-474F-B47B-1B6887A1D6EB}"
EndProject
Global
	GlobalSection(SolutionConfigurationPlatforms) = preSolution
		Debug|Any CPU = Debug|Any CPU
		Release|Any CPU = Release|Any CPU
	EndGlobalSection
	GlobalSection(ProjectConfigurationPlatforms) = postSolution
		{6E15F141-4A58-474F-B47B-1B6887A1D6EB}.Debug|Any CPU.ActiveCfg = Debug|Any CPU
		{6E15F141-4A58-474F-B47B-1B6887A1D6EB}.Debug|Any CPU.Build.0 = Debug|Any CPU
		{6E15F141-4A58-474F-B47B-1B6887A1D6EB}.Release|Any CPU.ActiveCfg = Release|Any CPU
		{6E15F141-4A58-474F-B47B-1B6887A1D6EB}.Release|Any CPU.Build.0 = Release|Any CPU
	EndGlobalSection
	GlobalSection(SolutionProperties) = preSolution
		HideSolutionNode = FALSE
	EndGlobalSection
	GlobalSection(ExtensibilityGlobals) = postSolution
		SolutionGuid = {EE6AD8C4-8536-412D-8F5B-1FF37491AD75}
	EndGlobalSection
EndGlobal
